
Microsoft Visual Studio Solution File, Format Version 12.00
# Visual Studio 15
VisualStudioVersion = 15.0.27130.2003
MinimumVisualStudioVersion = 10.0.40219.1
Project("{FAE04EC0-301F-11D3-BF4B-00C04F79EFBC}") = "Projeto2", "Projeto2\Projeto2.csproj", "{DF2A78B4-1FF7-4114-92D6-85A18C3B9340}"
EndProject
Global
	GlobalSection(SolutionConfigurationPlatforms) = preSolution
		Debug|Any CPU = Debug|Any CPU
		Release|Any CPU = Release|Any CPU
	EndGlobalSection
	GlobalSection(ProjectConfigurationPlatforms) = postSolution
		{DF2A78B4-1FF7-4114-92D6-85A18C3B9340}.Debug|Any CPU.ActiveCfg = Debug|Any CPU
		{DF2A78B4-1FF7-4114-92D6-85A18C3B9340}.Debug|Any CPU.Build.0 = Debug|Any CPU
		{DF2A78B4-1FF7-4114-92D6-85A18C3B9340}.Release|Any CPU.ActiveCfg = Release|Any CPU
		{DF2A78B4-1FF7-4114-92D6-85A18C3B9340}.Release|Any CPU.Build.0 = Release|Any CPU
	EndGlobalSection
	GlobalSection(SolutionProperties) = preSolution
		HideSolutionNode = FALSE
	EndGlobalSection
	GlobalSection(ExtensibilityGlobals) = postSolution
		SolutionGuid = {299D54E6-3BC1-4B58-8223-072D69D4C792}
	EndGlobalSection
EndGlobal
